
Microsoft Visual Studio Solution File, Format Version 12.00
# Visual Studio Version 16
VisualStudioVersion = 16.0.30309.148
MinimumVisualStudioVersion = 10.0.40219.1
Project("{FAE04EC0-301F-11D3-BF4B-00C04F79EFBC}") = "07272020_REGEX lab", "07272020_REGEX lab.csproj", "{982AD119-C411-4C99-86AE-8E4939704049}"
EndProject
Global
	GlobalSection(SolutionConfigurationPlatforms) = preSolution
		Debug|Any CPU = Debug|Any CPU
		Release|Any CPU = Release|Any CPU
	EndGlobalSection
	GlobalSection(ProjectConfigurationPlatforms) = postSolution
		{982AD119-C411-4C99-86AE-8E4939704049}.Debug|Any CPU.ActiveCfg = Debug|Any CPU
		{982AD119-C411-4C99-86AE-8E4939704049}.Debug|Any CPU.Build.0 = Debug|Any CPU
		{982AD119-C411-4C99-86AE-8E4939704049}.Release|Any CPU.ActiveCfg = Release|Any CPU
		{982AD119-C411-4C99-86AE-8E4939704049}.Release|Any CPU.Build.0 = Release|Any CPU
	EndGlobalSection
	GlobalSection(SolutionProperties) = preSolution
		HideSolutionNode = FALSE
	EndGlobalSection
	GlobalSection(ExtensibilityGlobals) = postSolution
		SolutionGuid = {1B2F2ED9-E82D-4016-94E0-79750E645C5F}
	EndGlobalSection
EndGlobal
